
Microsoft Visual Studio Solution File, Format Version 12.00
# Visual Studio Version 17
VisualStudioVersion = 17.2.32630.192
MinimumVisualStudioVersion = 10.0.40219.1
Project("{FAE04EC0-301F-11D3-BF4B-00C04F79EFBC}") = "Inheritance", "Inheritance.csproj", "{8815B61E-72AE-4084-8197-C77EAA7BC067}"
EndProject
Global
	GlobalSection(SolutionConfigurationPlatforms) = preSolution
		Debug|Any CPU = Debug|Any CPU
		Release|Any CPU = Release|Any CPU
	EndGlobalSection
	GlobalSection(ProjectConfigurationPlatforms) = postSolution
		{8815B61E-72AE-4084-8197-C77EAA7BC067}.Debug|Any CPU.ActiveCfg = Debug|Any CPU
		{8815B61E-72AE-4084-8197-C77EAA7BC067}.Debug|Any CPU.Build.0 = Debug|Any CPU
		{8815B61E-72AE-4084-8197-C77EAA7BC067}.Release|Any CPU.ActiveCfg = Release|Any CPU
		{8815B61E-72AE-4084-8197-C77EAA7BC067}.Release|Any CPU.Build.0 = Release|Any CPU
	EndGlobalSection
	GlobalSection(SolutionProperties) = preSolution
		HideSolutionNode = FALSE
	EndGlobalSection
	GlobalSection(ExtensibilityGlobals) = postSolution
		SolutionGuid = {294FAC5F-128F-4317-97A3-E450E48D89CD}
	EndGlobalSection
EndGlobal
